// !$*UTF8*$!
{
	archiveVersion = 1;
	classes = {
	};
	objectVersion = 55;
	objects = {

/* Begin PBXBuildFile section */
		360A63EC27118DFE005E9AAB /* Settings.swift in Sources */ = {isa = PBXBuildFile; fileRef = 360A63EB27118DFE005E9AAB /* Settings.swift */; };
		361C8C972727248C00EA0737 /* Todos.swift in Sources */ = {isa = PBXBuildFile; fileRef = 361C8C962727248C00EA0737 /* Todos.swift */; };
		36644F64272B0DB100DA328F /* WidgetKit.framework in Frameworks */ = {isa = PBXBuildFile; fileRef = 36644F63272B0DB100DA328F /* WidgetKit.framework */; };
		36644F66272B0DB100DA328F /* SwiftUI.framework in Frameworks */ = {isa = PBXBuildFile; fileRef = 36644F65272B0DB100DA328F /* SwiftUI.framework */; };
		36644F69272B0DB100DA328F /* tixWidget.swift in Sources */ = {isa = PBXBuildFile; fileRef = 36644F68272B0DB100DA328F /* tixWidget.swift */; };
		36644F6B272B0DB300DA328F /* Assets.xcassets in Resources */ = {isa = PBXBuildFile; fileRef = 36644F6A272B0DB300DA328F /* Assets.xcassets */; };
		36644F6F272B0DB300DA328F /* tixWidgetExtension.appex in Embed App Extensions */ = {isa = PBXBuildFile; fileRef = 36644F61272B0DB100DA328F /* tixWidgetExtension.appex */; platformFilter = ios; settings = {ATTRIBUTES = (RemoveHeadersOnCopy, ); }; };
		367527782710AA6F0087FC4B /* Colors.swift in Sources */ = {isa = PBXBuildFile; fileRef = 367527772710AA6F0087FC4B /* Colors.swift */; };
		3681FB562728755E00248951 /* SerializableColor.swift in Sources */ = {isa = PBXBuildFile; fileRef = 3681FB552728755D00248951 /* SerializableColor.swift */; };
		36A250B227282577003BC001 /* NewCategory.swift in Sources */ = {isa = PBXBuildFile; fileRef = 36A250B127282577003BC001 /* NewCategory.swift */; };
		36A250B4272836C9003BC001 /* EditCategory.swift in Sources */ = {isa = PBXBuildFile; fileRef = 36A250B3272836C9003BC001 /* EditCategory.swift */; };
		36A250B627283738003BC001 /* Cats.swift in Sources */ = {isa = PBXBuildFile; fileRef = 36A250B527283738003BC001 /* Cats.swift */; };
		36B6F2982716078F003B7C79 /* EditItem.swift in Sources */ = {isa = PBXBuildFile; fileRef = 36B6F2972716078F003B7C79 /* EditItem.swift */; };
		36C1B5B6270CC1BF00249259 /* tiXApp.swift in Sources */ = {isa = PBXBuildFile; fileRef = 36C1B5B5270CC1BF00249259 /* tiXApp.swift */; };
		36C1B5B8270CC1BF00249259 /* ContentView.swift in Sources */ = {isa = PBXBuildFile; fileRef = 36C1B5B7270CC1BF00249259 /* ContentView.swift */; };
		36C1B5BA270CC1C000249259 /* Assets.xcassets in Resources */ = {isa = PBXBuildFile; fileRef = 36C1B5B9270CC1C000249259 /* Assets.xcassets */; };
		36C1B5BD270CC1C000249259 /* Preview Assets.xcassets in Resources */ = {isa = PBXBuildFile; fileRef = 36C1B5BC270CC1C000249259 /* Preview Assets.xcassets */; };
		36C1B5BF270CC1C000249259 /* Persistence.swift in Sources */ = {isa = PBXBuildFile; fileRef = 36C1B5BE270CC1C000249259 /* Persistence.swift */; };
		36C1B5C2270CC1C000249259 /* tiX.xcdatamodeld in Sources */ = {isa = PBXBuildFile; fileRef = 36C1B5C0270CC1C000249259 /* tiX.xcdatamodeld */; };
		36C1B5C9270CC2F900249259 /* ViewContent.swift in Sources */ = {isa = PBXBuildFile; fileRef = 36C1B5C8270CC2F900249259 /* ViewContent.swift */; };
		36C1B5CB270CC3EF00249259 /* Categories.swift in Sources */ = {isa = PBXBuildFile; fileRef = 36C1B5CA270CC3EF00249259 /* Categories.swift */; };
		36C1B5D5270CCAFE00249259 /* NewItem.swift in Sources */ = {isa = PBXBuildFile; fileRef = 36C1B5D4270CCAFE00249259 /* NewItem.swift */; };
		36C1B5D9270DD4B100249259 /* UserSettings.swift in Sources */ = {isa = PBXBuildFile; fileRef = 36C1B5D8270DD4B100249259 /* UserSettings.swift */; };
		36C1B5DB270DD6F100249259 /* Dashboard.swift in Sources */ = {isa = PBXBuildFile; fileRef = 36C1B5DA270DD6F100249259 /* Dashboard.swift */; };
		36C1B5DD270DD82B00249259 /* Cards.swift in Sources */ = {isa = PBXBuildFile; fileRef = 36C1B5DC270DD82B00249259 /* Cards.swift */; };
		36C1B5DF270DD92B00249259 /* Haptics.swift in Sources */ = {isa = PBXBuildFile; fileRef = 36C1B5DE270DD92B00249259 /* Haptics.swift */; };
		36EA699B272C0EAA00A81E26 /* WidgetUpdater.swift in Sources */ = {isa = PBXBuildFile; fileRef = 36EA699A272C0EAA00A81E26 /* WidgetUpdater.swift */; };
/* End PBXBuildFile section */

/* Begin PBXContainerItemProxy section */
		36644F6D272B0DB300DA328F /* PBXContainerItemProxy */ = {
			isa = PBXContainerItemProxy;
			containerPortal = 36C1B5AA270CC1BF00249259 /* Project object */;
			proxyType = 1;
			remoteGlobalIDString = 36644F60272B0DB100DA328F;
			remoteInfo = tixWidgetExtension;
		};
/* End PBXContainerItemProxy section */

/* Begin PBXCopyFilesBuildPhase section */
		36644F70272B0DB300DA328F /* Embed App Extensions */ = {
			isa = PBXCopyFilesBuildPhase;
			buildActionMask = 2147483647;
			dstPath = "";
			dstSubfolderSpec = 13;
			files = (
				36644F6F272B0DB300DA328F /* tixWidgetExtension.appex in Embed App Extensions */,
			);
			name = "Embed App Extensions";
			runOnlyForDeploymentPostprocessing = 0;
		};
/* End PBXCopyFilesBuildPhase section */

/* Begin PBXFileReference section */
		360A63EB27118DFE005E9AAB /* Settings.swift */ = {isa = PBXFileReference; lastKnownFileType = sourcecode.swift; path = Settings.swift; sourceTree = "<group>"; };
		361C8C962727248C00EA0737 /* Todos.swift */ = {isa = PBXFileReference; fileEncoding = 4; lastKnownFileType = sourcecode.swift; path = Todos.swift; sourceTree = "<group>"; };
		36644F61272B0DB100DA328F /* tixWidgetExtension.appex */ = {isa = PBXFileReference; explicitFileType = "wrapper.app-extension"; includeInIndex = 0; path = tixWidgetExtension.appex; sourceTree = BUILT_PRODUCTS_DIR; };
		36644F63272B0DB100DA328F /* WidgetKit.framework */ = {isa = PBXFileReference; lastKnownFileType = wrapper.framework; name = WidgetKit.framework; path = System/Library/Frameworks/WidgetKit.framework; sourceTree = SDKROOT; };
		36644F65272B0DB100DA328F /* SwiftUI.framework */ = {isa = PBXFileReference; lastKnownFileType = wrapper.framework; name = SwiftUI.framework; path = System/Library/Frameworks/SwiftUI.framework; sourceTree = SDKROOT; };
		36644F68272B0DB100DA328F /* tixWidget.swift */ = {isa = PBXFileReference; lastKnownFileType = sourcecode.swift; path = tixWidget.swift; sourceTree = "<group>"; };
		36644F6A272B0DB300DA328F /* Assets.xcassets */ = {isa = PBXFileReference; lastKnownFileType = folder.assetcatalog; path = Assets.xcassets; sourceTree = "<group>"; };
		36644F6C272B0DB300DA328F /* Info.plist */ = {isa = PBXFileReference; lastKnownFileType = text.plist.xml; path = Info.plist; sourceTree = "<group>"; };
		36644F74272B0DD900DA328F /* tixWidgetExtension.entitlements */ = {isa = PBXFileReference; lastKnownFileType = text.plist.entitlements; path = tixWidgetExtension.entitlements; sourceTree = "<group>"; };
		36644F75272B0DE700DA328F /* tiX.entitlements */ = {isa = PBXFileReference; lastKnownFileType = text.plist.entitlements; path = tiX.entitlements; sourceTree = "<group>"; };
		367527772710AA6F0087FC4B /* Colors.swift */ = {isa = PBXFileReference; lastKnownFileType = sourcecode.swift; path = Colors.swift; sourceTree = "<group>"; };
		3681FB552728755D00248951 /* SerializableColor.swift */ = {isa = PBXFileReference; lastKnownFileType = sourcecode.swift; path = SerializableColor.swift; sourceTree = "<group>"; };
		36A250B127282577003BC001 /* NewCategory.swift */ = {isa = PBXFileReference; lastKnownFileType = sourcecode.swift; path = NewCategory.swift; sourceTree = "<group>"; };
		36A250B3272836C9003BC001 /* EditCategory.swift */ = {isa = PBXFileReference; lastKnownFileType = sourcecode.swift; path = EditCategory.swift; sourceTree = "<group>"; };
		36A250B527283738003BC001 /* Cats.swift */ = {isa = PBXFileReference; lastKnownFileType = sourcecode.swift; path = Cats.swift; sourceTree = "<group>"; };
		36B6F2972716078F003B7C79 /* EditItem.swift */ = {isa = PBXFileReference; lastKnownFileType = sourcecode.swift; path = EditItem.swift; sourceTree = "<group>"; };
		36C1B5B2270CC1BF00249259 /* tiX.app */ = {isa = PBXFileReference; explicitFileType = wrapper.application; includeInIndex = 0; path = tiX.app; sourceTree = BUILT_PRODUCTS_DIR; };
		36C1B5B5270CC1BF00249259 /* tiXApp.swift */ = {isa = PBXFileReference; lastKnownFileType = sourcecode.swift; path = tiXApp.swift; sourceTree = "<group>"; };
		36C1B5B7270CC1BF00249259 /* ContentView.swift */ = {isa = PBXFileReference; lastKnownFileType = sourcecode.swift; path = ContentView.swift; sourceTree = "<group>"; };
		36C1B5B9270CC1C000249259 /* Assets.xcassets */ = {isa = PBXFileReference; lastKnownFileType = folder.assetcatalog; path = Assets.xcassets; sourceTree = "<group>"; };
		36C1B5BC270CC1C000249259 /* Preview Assets.xcassets */ = {isa = PBXFileReference; lastKnownFileType = folder.assetcatalog; path = "Preview Assets.xcassets"; sourceTree = "<group>"; };
		36C1B5BE270CC1C000249259 /* Persistence.swift */ = {isa = PBXFileReference; lastKnownFileType = sourcecode.swift; path = Persistence.swift; sourceTree = "<group>"; };
		36C1B5C1270CC1C000249259 /* tiX.xcdatamodel */ = {isa = PBXFileReference; lastKnownFileType = wrapper.xcdatamodel; path = tiX.xcdatamodel; sourceTree = "<group>"; };
		36C1B5C8270CC2F900249259 /* ViewContent.swift */ = {isa = PBXFileReference; lastKnownFileType = sourcecode.swift; path = ViewContent.swift; sourceTree = "<group>"; };
		36C1B5CA270CC3EF00249259 /* Categories.swift */ = {isa = PBXFileReference; lastKnownFileType = sourcecode.swift; path = Categories.swift; sourceTree = "<group>"; };
		36C1B5D4270CCAFE00249259 /* NewItem.swift */ = {isa = PBXFileReference; lastKnownFileType = sourcecode.swift; path = NewItem.swift; sourceTree = "<group>"; };
		36C1B5D8270DD4B100249259 /* UserSettings.swift */ = {isa = PBXFileReference; lastKnownFileType = sourcecode.swift; path = UserSettings.swift; sourceTree = "<group>"; };
		36C1B5DA270DD6F100249259 /* Dashboard.swift */ = {isa = PBXFileReference; lastKnownFileType = sourcecode.swift; path = Dashboard.swift; sourceTree = "<group>"; };
		36C1B5DC270DD82B00249259 /* Cards.swift */ = {isa = PBXFileReference; lastKnownFileType = sourcecode.swift; path = Cards.swift; sourceTree = "<group>"; };
		36C1B5DE270DD92B00249259 /* Haptics.swift */ = {isa = PBXFileReference; lastKnownFileType = sourcecode.swift; path = Haptics.swift; sourceTree = "<group>"; };
		36EA699A272C0EAA00A81E26 /* WidgetUpdater.swift */ = {isa = PBXFileReference; lastKnownFileType = sourcecode.swift; path = WidgetUpdater.swift; sourceTree = "<group>"; };
/* End PBXFileReference section */

/* Begin PBXFrameworksBuildPhase section */
		36644F5E272B0DB100DA328F /* Frameworks */ = {
			isa = PBXFrameworksBuildPhase;
			buildActionMask = 2147483647;
			files = (
				36644F66272B0DB100DA328F /* SwiftUI.framework in Frameworks */,
				36644F64272B0DB100DA328F /* WidgetKit.framework in Frameworks */,
			);
			runOnlyForDeploymentPostprocessing = 0;
		};
		36C1B5AF270CC1BF00249259 /* Frameworks */ = {
			isa = PBXFrameworksBuildPhase;
			buildActionMask = 2147483647;
			files = (
			);
			runOnlyForDeploymentPostprocessing = 0;
		};
/* End PBXFrameworksBuildPhase section */

/* Begin PBXGroup section */
		36644F62272B0DB100DA328F /* Frameworks */ = {
			isa = PBXGroup;
			children = (
				36644F63272B0DB100DA328F /* WidgetKit.framework */,
				36644F65272B0DB100DA328F /* SwiftUI.framework */,
			);
			name = Frameworks;
			sourceTree = "<group>";
		};
		36644F67272B0DB100DA328F /* tixWidget */ = {
			isa = PBXGroup;
			children = (
				36644F68272B0DB100DA328F /* tixWidget.swift */,
				36644F6A272B0DB300DA328F /* Assets.xcassets */,
				36644F6C272B0DB300DA328F /* Info.plist */,
			);
			path = tixWidget;
			sourceTree = "<group>";
		};
		36924ED12725721A001D1258 /* Coredata */ = {
			isa = PBXGroup;
			children = (
				36C1B5C0270CC1C000249259 /* tiX.xcdatamodeld */,
				3681FB552728755D00248951 /* SerializableColor.swift */,
			);
			path = Coredata;
			sourceTree = "<group>";
		};
		36A250B727283958003BC001 /* Category */ = {
			isa = PBXGroup;
			children = (
				36A250B527283738003BC001 /* Cats.swift */,
				36A250B127282577003BC001 /* NewCategory.swift */,
				36A250B3272836C9003BC001 /* EditCategory.swift */,
			);
			path = Category;
			sourceTree = "<group>";
		};
		36A250B827283965003BC001 /* Todo */ = {
			isa = PBXGroup;
			children = (
				361C8C962727248C00EA0737 /* Todos.swift */,
				36C1B5D4270CCAFE00249259 /* NewItem.swift */,
				36B6F2972716078F003B7C79 /* EditItem.swift */,
			);
			path = Todo;
			sourceTree = "<group>";
		};
		36C1B5A9270CC1BF00249259 = {
			isa = PBXGroup;
			children = (
				36644F74272B0DD900DA328F /* tixWidgetExtension.entitlements */,
				36C1B5B4270CC1BF00249259 /* tiX */,
				36644F67272B0DB100DA328F /* tixWidget */,
				36644F62272B0DB100DA328F /* Frameworks */,
				36C1B5B3270CC1BF00249259 /* Products */,
			);
			sourceTree = "<group>";
		};
		36C1B5B3270CC1BF00249259 /* Products */ = {
			isa = PBXGroup;
			children = (
				36C1B5B2270CC1BF00249259 /* tiX.app */,
				36644F61272B0DB100DA328F /* tixWidgetExtension.appex */,
			);
			name = Products;
			sourceTree = "<group>";
		};
		36C1B5B4270CC1BF00249259 /* tiX */ = {
			isa = PBXGroup;
			children = (
				36644F75272B0DE700DA328F /* tiX.entitlements */,
				36C1B5B5270CC1BF00249259 /* tiXApp.swift */,
				36C1B5D6270DCDA200249259 /* Views */,
				36C1B5B9270CC1C000249259 /* Assets.xcassets */,
				36C1B5D7270DCDB700249259 /* Helpers */,
				36924ED12725721A001D1258 /* Coredata */,
				36C1B5BB270CC1C000249259 /* Preview Content */,
				36C1B5D8270DD4B100249259 /* UserSettings.swift */,
			);
			path = tiX;
			sourceTree = "<group>";
		};
		36C1B5BB270CC1C000249259 /* Preview Content */ = {
			isa = PBXGroup;
			children = (
				36C1B5BC270CC1C000249259 /* Preview Assets.xcassets */,
			);
			path = "Preview Content";
			sourceTree = "<group>";
		};
		36C1B5D6270DCDA200249259 /* Views */ = {
			isa = PBXGroup;
			children = (
				36C1B5B7270CC1BF00249259 /* ContentView.swift */,
				36A250B827283965003BC001 /* Todo */,
				36A250B727283958003BC001 /* Category */,
				36C1B5DA270DD6F100249259 /* Dashboard.swift */,
				360A63EB27118DFE005E9AAB /* Settings.swift */,
			);
			path = Views;
			sourceTree = "<group>";
		};
		36C1B5D7270DCDB700249259 /* Helpers */ = {
			isa = PBXGroup;
			children = (
				36C1B5BE270CC1C000249259 /* Persistence.swift */,
				36C1B5C8270CC2F900249259 /* ViewContent.swift */,
				36C1B5CA270CC3EF00249259 /* Categories.swift */,
				36C1B5DC270DD82B00249259 /* Cards.swift */,
				36C1B5DE270DD92B00249259 /* Haptics.swift */,
				367527772710AA6F0087FC4B /* Colors.swift */,
				36EA699A272C0EAA00A81E26 /* WidgetUpdater.swift */,
			);
			path = Helpers;
			sourceTree = "<group>";
		};
/* End PBXGroup section */

/* Begin PBXNativeTarget section */
		36644F60272B0DB100DA328F /* tixWidgetExtension */ = {
			isa = PBXNativeTarget;
			buildConfigurationList = 36644F73272B0DB300DA328F /* Build configuration list for PBXNativeTarget "tixWidgetExtension" */;
			buildPhases = (
				36644F5D272B0DB100DA328F /* Sources */,
				36644F5E272B0DB100DA328F /* Frameworks */,
				36644F5F272B0DB100DA328F /* Resources */,
			);
			buildRules = (
			);
			dependencies = (
			);
			name = tixWidgetExtension;
			productName = tixWidgetExtension;
			productReference = 36644F61272B0DB100DA328F /* tixWidgetExtension.appex */;
			productType = "com.apple.product-type.app-extension";
		};
		36C1B5B1270CC1BF00249259 /* tiX */ = {
			isa = PBXNativeTarget;
			buildConfigurationList = 36C1B5C5270CC1C000249259 /* Build configuration list for PBXNativeTarget "tiX" */;
			buildPhases = (
				36C1B5AE270CC1BF00249259 /* Sources */,
				36C1B5AF270CC1BF00249259 /* Frameworks */,
				36C1B5B0270CC1BF00249259 /* Resources */,
				36644F70272B0DB300DA328F /* Embed App Extensions */,
			);
			buildRules = (
			);
			dependencies = (
				36644F6E272B0DB300DA328F /* PBXTargetDependency */,
			);
			name = tiX;
			productName = tiX;
			productReference = 36C1B5B2270CC1BF00249259 /* tiX.app */;
			productType = "com.apple.product-type.application";
		};
/* End PBXNativeTarget section */

/* Begin PBXProject section */
		36C1B5AA270CC1BF00249259 /* Project object */ = {
			isa = PBXProject;
			attributes = {
				BuildIndependentTargetsInParallel = 1;
				LastSwiftUpdateCheck = 1310;
				LastUpgradeCheck = 1300;
				TargetAttributes = {
					36644F60272B0DB100DA328F = {
						CreatedOnToolsVersion = 13.1;
					};
					36C1B5B1270CC1BF00249259 = {
						CreatedOnToolsVersion = 13.0;
					};
				};
			};
			buildConfigurationList = 36C1B5AD270CC1BF00249259 /* Build configuration list for PBXProject "tiX" */;
			compatibilityVersion = "Xcode 13.0";
			developmentRegion = en;
			hasScannedForEncodings = 0;
			knownRegions = (
				en,
				Base,
			);
			mainGroup = 36C1B5A9270CC1BF00249259;
			productRefGroup = 36C1B5B3270CC1BF00249259 /* Products */;
			projectDirPath = "";
			projectRoot = "";
			targets = (
				36C1B5B1270CC1BF00249259 /* tiX */,
				36644F60272B0DB100DA328F /* tixWidgetExtension */,
			);
		};
/* End PBXProject section */

/* Begin PBXResourcesBuildPhase section */
		36644F5F272B0DB100DA328F /* Resources */ = {
			isa = PBXResourcesBuildPhase;
			buildActionMask = 2147483647;
			files = (
				36644F6B272B0DB300DA328F /* Assets.xcassets in Resources */,
			);
			runOnlyForDeploymentPostprocessing = 0;
		};
		36C1B5B0270CC1BF00249259 /* Resources */ = {
			isa = PBXResourcesBuildPhase;
			buildActionMask = 2147483647;
			files = (
				36C1B5BD270CC1C000249259 /* Preview Assets.xcassets in Resources */,
				36C1B5BA270CC1C000249259 /* Assets.xcassets in Resources */,
			);
			runOnlyForDeploymentPostprocessing = 0;
		};
/* End PBXResourcesBuildPhase section */

/* Begin PBXSourcesBuildPhase section */
		36644F5D272B0DB100DA328F /* Sources */ = {
			isa = PBXSourcesBuildPhase;
			buildActionMask = 2147483647;
			files = (
				36644F69272B0DB100DA328F /* tixWidget.swift in Sources */,
			);
			runOnlyForDeploymentPostprocessing = 0;
		};
		36C1B5AE270CC1BF00249259 /* Sources */ = {
			isa = PBXSourcesBuildPhase;
			buildActionMask = 2147483647;
			files = (
				36C1B5DF270DD92B00249259 /* Haptics.swift in Sources */,
				36C1B5C9270CC2F900249259 /* ViewContent.swift in Sources */,
				36C1B5D5270CCAFE00249259 /* NewItem.swift in Sources */,
				36C1B5DB270DD6F100249259 /* Dashboard.swift in Sources */,
				36A250B227282577003BC001 /* NewCategory.swift in Sources */,
				36A250B627283738003BC001 /* Cats.swift in Sources */,
				360A63EC27118DFE005E9AAB /* Settings.swift in Sources */,
				36C1B5BF270CC1C000249259 /* Persistence.swift in Sources */,
				36C1B5DD270DD82B00249259 /* Cards.swift in Sources */,
				36C1B5D9270DD4B100249259 /* UserSettings.swift in Sources */,
				36B6F2982716078F003B7C79 /* EditItem.swift in Sources */,
				367527782710AA6F0087FC4B /* Colors.swift in Sources */,
				36C1B5C2270CC1C000249259 /* tiX.xcdatamodeld in Sources */,
				36C1B5B8270CC1BF00249259 /* ContentView.swift in Sources */,
				3681FB562728755E00248951 /* SerializableColor.swift in Sources */,
				36EA699B272C0EAA00A81E26 /* WidgetUpdater.swift in Sources */,
				36A250B4272836C9003BC001 /* EditCategory.swift in Sources */,
				36C1B5B6270CC1BF00249259 /* tiXApp.swift in Sources */,
				36C1B5CB270CC3EF00249259 /* Categories.swift in Sources */,
				361C8C972727248C00EA0737 /* Todos.swift in Sources */,
			);
			runOnlyForDeploymentPostprocessing = 0;
		};
/* End PBXSourcesBuildPhase section */

/* Begin PBXTargetDependency section */
		36644F6E272B0DB300DA328F /* PBXTargetDependency */ = {
			isa = PBXTargetDependency;
			platformFilter = ios;
			target = 36644F60272B0DB100DA328F /* tixWidgetExtension */;
			targetProxy = 36644F6D272B0DB300DA328F /* PBXContainerItemProxy */;
		};
/* End PBXTargetDependency section */

/* Begin XCBuildConfiguration section */
		36644F71272B0DB300DA328F /* Debug */ = {
			isa = XCBuildConfiguration;
			buildSettings = {
				ASSETCATALOG_COMPILER_GLOBAL_ACCENT_COLOR_NAME = AccentColor;
				ASSETCATALOG_COMPILER_WIDGET_BACKGROUND_COLOR_NAME = WidgetBackground;
				CODE_SIGN_ENTITLEMENTS = tixWidgetExtension.entitlements;
				CODE_SIGN_STYLE = Automatic;
				CURRENT_PROJECT_VERSION = 1;
				DEVELOPMENT_TEAM = APRDSH5Y65;
				GENERATE_INFOPLIST_FILE = YES;
				INFOPLIST_FILE = tixWidget/Info.plist;
				INFOPLIST_KEY_CFBundleDisplayName = tixWidget;
				INFOPLIST_KEY_NSHumanReadableCopyright = "";
				LD_RUNPATH_SEARCH_PATHS = (
					"$(inherited)",
					"@executable_path/Frameworks",
					"@executable_path/../../Frameworks",
				);
				MARKETING_VERSION = 1.0;
				PRODUCT_BUNDLE_IDENTIFIER = de.nicolasott.tiX.tixWidget;
				PRODUCT_NAME = "$(TARGET_NAME)";
				SKIP_INSTALL = YES;
				SUPPORTS_MACCATALYST = NO;
				SWIFT_EMIT_LOC_STRINGS = YES;
				SWIFT_VERSION = 5.0;
				TARGETED_DEVICE_FAMILY = "1,2,6";
			};
			name = Debug;
		};
		36644F72272B0DB300DA328F /* Release */ = {
			isa = XCBuildConfiguration;
			buildSettings = {
				ASSETCATALOG_COMPILER_GLOBAL_ACCENT_COLOR_NAME = AccentColor;
				ASSETCATALOG_COMPILER_WIDGET_BACKGROUND_COLOR_NAME = WidgetBackground;
				CODE_SIGN_ENTITLEMENTS = tixWidgetExtension.entitlements;
				CODE_SIGN_STYLE = Automatic;
				CURRENT_PROJECT_VERSION = 1;
				DEVELOPMENT_TEAM = APRDSH5Y65;
				GENERATE_INFOPLIST_FILE = YES;
				INFOPLIST_FILE = tixWidget/Info.plist;
				INFOPLIST_KEY_CFBundleDisplayName = tixWidget;
				INFOPLIST_KEY_NSHumanReadableCopyright = "";
				LD_RUNPATH_SEARCH_PATHS = (
					"$(inherited)",
					"@executable_path/Frameworks",
					"@executable_path/../../Frameworks",
				);
				MARKETING_VERSION = 1.0;
				PRODUCT_BUNDLE_IDENTIFIER = de.nicolasott.tiX.tixWidget;
				PRODUCT_NAME = "$(TARGET_NAME)";
				SKIP_INSTALL = YES;
				SUPPORTS_MACCATALYST = NO;
				SWIFT_EMIT_LOC_STRINGS = YES;
				SWIFT_VERSION = 5.0;
				TARGETED_DEVICE_FAMILY = "1,2,6";
			};
			name = Release;
		};
		36C1B5C3270CC1C000249259 /* Debug */ = {
			isa = XCBuildConfiguration;
			buildSettings = {
				ALWAYS_SEARCH_USER_PATHS = NO;
				CLANG_ANALYZER_NONNULL = YES;
				CLANG_ANALYZER_NUMBER_OBJECT_CONVERSION = YES_AGGRESSIVE;
				CLANG_CXX_LANGUAGE_STANDARD = "gnu++17";
				CLANG_CXX_LIBRARY = "libc++";
				CLANG_ENABLE_MODULES = YES;
				CLANG_ENABLE_OBJC_ARC = YES;
				CLANG_ENABLE_OBJC_WEAK = YES;
				CLANG_WARN_BLOCK_CAPTURE_AUTORELEASING = YES;
				CLANG_WARN_BOOL_CONVERSION = YES;
				CLANG_WARN_COMMA = YES;
				CLANG_WARN_CONSTANT_CONVERSION = YES;
				CLANG_WARN_DEPRECATED_OBJC_IMPLEMENTATIONS = YES;
				CLANG_WARN_DIRECT_OBJC_ISA_USAGE = YES_ERROR;
				CLANG_WARN_DOCUMENTATION_COMMENTS = YES;
				CLANG_WARN_EMPTY_BODY = YES;
				CLANG_WARN_ENUM_CONVERSION = YES;
				CLANG_WARN_INFINITE_RECURSION = YES;
				CLANG_WARN_INT_CONVERSION = YES;
				CLANG_WARN_NON_LITERAL_NULL_CONVERSION = YES;
				CLANG_WARN_OBJC_IMPLICIT_RETAIN_SELF = YES;
				CLANG_WARN_OBJC_LITERAL_CONVERSION = YES;
				CLANG_WARN_OBJC_ROOT_CLASS = YES_ERROR;
				CLANG_WARN_QUOTED_INCLUDE_IN_FRAMEWORK_HEADER = YES;
				CLANG_WARN_RANGE_LOOP_ANALYSIS = YES;
				CLANG_WARN_STRICT_PROTOTYPES = YES;
				CLANG_WARN_SUSPICIOUS_MOVE = YES;
				CLANG_WARN_UNGUARDED_AVAILABILITY = YES_AGGRESSIVE;
				CLANG_WARN_UNREACHABLE_CODE = YES;
				CLANG_WARN__DUPLICATE_METHOD_MATCH = YES;
				COPY_PHASE_STRIP = NO;
				DEBUG_INFORMATION_FORMAT = dwarf;
				ENABLE_STRICT_OBJC_MSGSEND = YES;
				ENABLE_TESTABILITY = YES;
				GCC_C_LANGUAGE_STANDARD = gnu11;
				GCC_DYNAMIC_NO_PIC = NO;
				GCC_NO_COMMON_BLOCKS = YES;
				GCC_OPTIMIZATION_LEVEL = 0;
				GCC_PREPROCESSOR_DEFINITIONS = (
					"DEBUG=1",
					"$(inherited)",
				);
				GCC_WARN_64_TO_32_BIT_CONVERSION = YES;
				GCC_WARN_ABOUT_RETURN_TYPE = YES_ERROR;
				GCC_WARN_UNDECLARED_SELECTOR = YES;
				GCC_WARN_UNINITIALIZED_AUTOS = YES_AGGRESSIVE;
				GCC_WARN_UNUSED_FUNCTION = YES;
				GCC_WARN_UNUSED_VARIABLE = YES;
				IPHONEOS_DEPLOYMENT_TARGET = 15.0;
				MTL_ENABLE_DEBUG_INFO = INCLUDE_SOURCE;
				MTL_FAST_MATH = YES;
				ONLY_ACTIVE_ARCH = YES;
				SDKROOT = iphoneos;
				SWIFT_ACTIVE_COMPILATION_CONDITIONS = DEBUG;
				SWIFT_OPTIMIZATION_LEVEL = "-Onone";
			};
			name = Debug;
		};
		36C1B5C4270CC1C000249259 /* Release */ = {
			isa = XCBuildConfiguration;
			buildSettings = {
				ALWAYS_SEARCH_USER_PATHS = NO;
				CLANG_ANALYZER_NONNULL = YES;
				CLANG_ANALYZER_NUMBER_OBJECT_CONVERSION = YES_AGGRESSIVE;
				CLANG_CXX_LANGUAGE_STANDARD = "gnu++17";
				CLANG_CXX_LIBRARY = "libc++";
				CLANG_ENABLE_MODULES = YES;
				CLANG_ENABLE_OBJC_ARC = YES;
				CLANG_ENABLE_OBJC_WEAK = YES;
				CLANG_WARN_BLOCK_CAPTURE_AUTORELEASING = YES;
				CLANG_WARN_BOOL_CONVERSION = YES;
				CLANG_WARN_COMMA = YES;
				CLANG_WARN_CONSTANT_CONVERSION = YES;
				CLANG_WARN_DEPRECATED_OBJC_IMPLEMENTATIONS = YES;
				CLANG_WARN_DIRECT_OBJC_ISA_USAGE = YES_ERROR;
				CLANG_WARN_DOCUMENTATION_COMMENTS = YES;
				CLANG_WARN_EMPTY_BODY = YES;
				CLANG_WARN_ENUM_CONVERSION = YES;
				CLANG_WARN_INFINITE_RECURSION = YES;
				CLANG_WARN_INT_CONVERSION = YES;
				CLANG_WARN_NON_LITERAL_NULL_CONVERSION = YES;
				CLANG_WARN_OBJC_IMPLICIT_RETAIN_SELF = YES;
				CLANG_WARN_OBJC_LITERAL_CONVERSION = YES;
				CLANG_WARN_OBJC_ROOT_CLASS = YES_ERROR;
				CLANG_WARN_QUOTED_INCLUDE_IN_FRAMEWORK_HEADER = YES;
				CLANG_WARN_RANGE_LOOP_ANALYSIS = YES;
				CLANG_WARN_STRICT_PROTOTYPES = YES;
				CLANG_WARN_SUSPICIOUS_MOVE = YES;
				CLANG_WARN_UNGUARDED_AVAILABILITY = YES_AGGRESSIVE;
				CLANG_WARN_UNREACHABLE_CODE = YES;
				CLANG_WARN__DUPLICATE_METHOD_MATCH = YES;
				COPY_PHASE_STRIP = NO;
				DEBUG_INFORMATION_FORMAT = "dwarf-with-dsym";
				ENABLE_NS_ASSERTIONS = NO;
				ENABLE_STRICT_OBJC_MSGSEND = YES;
				GCC_C_LANGUAGE_STANDARD = gnu11;
				GCC_NO_COMMON_BLOCKS = YES;
				GCC_WARN_64_TO_32_BIT_CONVERSION = YES;
				GCC_WARN_ABOUT_RETURN_TYPE = YES_ERROR;
				GCC_WARN_UNDECLARED_SELECTOR = YES;
				GCC_WARN_UNINITIALIZED_AUTOS = YES_AGGRESSIVE;
				GCC_WARN_UNUSED_FUNCTION = YES;
				GCC_WARN_UNUSED_VARIABLE = YES;
				IPHONEOS_DEPLOYMENT_TARGET = 15.0;
				MTL_ENABLE_DEBUG_INFO = NO;
				MTL_FAST_MATH = YES;
				SDKROOT = iphoneos;
				SWIFT_COMPILATION_MODE = wholemodule;
				SWIFT_OPTIMIZATION_LEVEL = "-O";
				VALIDATE_PRODUCT = YES;
			};
			name = Release;
		};
		36C1B5C6270CC1C000249259 /* Debug */ = {
			isa = XCBuildConfiguration;
			buildSettings = {
				ALWAYS_EMBED_SWIFT_STANDARD_LIBRARIES = YES;
				ASSETCATALOG_COMPILER_APPICON_NAME = AppIcon;
				ASSETCATALOG_COMPILER_GLOBAL_ACCENT_COLOR_NAME = AccentColor;
				CODE_SIGN_ENTITLEMENTS = tiX/tiX.entitlements;
				CODE_SIGN_STYLE = Automatic;
				CURRENT_PROJECT_VERSION = 1;
				DEVELOPMENT_ASSET_PATHS = "\"tiX/Preview Content\"";
				DEVELOPMENT_TEAM = APRDSH5Y65;
				ENABLE_PREVIEWS = YES;
				GENERATE_INFOPLIST_FILE = YES;
				INFOPLIST_KEY_UIApplicationSceneManifest_Generation = YES;
				INFOPLIST_KEY_UIApplicationSupportsIndirectInputEvents = YES;
				INFOPLIST_KEY_UILaunchScreen_Generation = YES;
				INFOPLIST_KEY_UISupportedInterfaceOrientations = "UIInterfaceOrientationPortrait UIInterfaceOrientationPortraitUpsideDown UIInterfaceOrientationLandscapeLeft UIInterfaceOrientationLandscapeRight";
				INFOPLIST_KEY_UISupportedInterfaceOrientations_iPad = "UIInterfaceOrientationPortrait UIInterfaceOrientationPortraitUpsideDown UIInterfaceOrientationLandscapeLeft UIInterfaceOrientationLandscapeRight";
				INFOPLIST_KEY_UISupportedInterfaceOrientations_iPhone = "UIInterfaceOrientationPortrait UIInterfaceOrientationLandscapeLeft UIInterfaceOrientationLandscapeRight";
				IPHONEOS_DEPLOYMENT_TARGET = 15.0;
				LD_RUNPATH_SEARCH_PATHS = (
					"$(inherited)",
					"@executable_path/Frameworks",
				);
				MARKETING_VERSION = 1.0;
				PRODUCT_BUNDLE_IDENTIFIER = de.nicolasott.tiX;
				PRODUCT_NAME = "$(TARGET_NAME)";
				SUPPORTS_MACCATALYST = NO;
				SWIFT_EMIT_LOC_STRINGS = YES;
				SWIFT_VERSION = 5.0;
				TARGETED_DEVICE_FAMILY = "1,2";
			};
			name = Debug;
		};
		36C1B5C7270CC1C000249259 /* Release */ = {
			isa = XCBuildConfiguration;
			buildSettings = {
				ALWAYS_EMBED_SWIFT_STANDARD_LIBRARIES = YES;
				ASSETCATALOG_COMPILER_APPICON_NAME = AppIcon;
				ASSETCATALOG_COMPILER_GLOBAL_ACCENT_COLOR_NAME = AccentColor;
				CODE_SIGN_ENTITLEMENTS = tiX/tiX.entitlements;
				CODE_SIGN_STYLE = Automatic;
				CURRENT_PROJECT_VERSION = 1;
				DEVELOPMENT_ASSET_PATHS = "\"tiX/Preview Content\"";
				DEVELOPMENT_TEAM = APRDSH5Y65;
				ENABLE_PREVIEWS = YES;
				GENERATE_INFOPLIST_FILE = YES;
				INFOPLIST_KEY_UIApplicationSceneManifest_Generation = YES;
				INFOPLIST_KEY_UIApplicationSupportsIndirectInputEvents = YES;
				INFOPLIST_KEY_UILaunchScreen_Generation = YES;
				INFOPLIST_KEY_UISupportedInterfaceOrientations = "UIInterfaceOrientationPortrait UIInterfaceOrientationPortraitUpsideDown UIInterfaceOrientationLandscapeLeft UIInterfaceOrientationLandscapeRight";
				INFOPLIST_KEY_UISupportedInterfaceOrientations_iPad = "UIInterfaceOrientationPortrait UIInterfaceOrientationPortraitUpsideDown UIInterfaceOrientationLandscapeLeft UIInterfaceOrientationLandscapeRight";
				INFOPLIST_KEY_UISupportedInterfaceOrientations_iPhone = "UIInterfaceOrientationPortrait UIInterfaceOrientationLandscapeLeft UIInterfaceOrientationLandscapeRight";
				IPHONEOS_DEPLOYMENT_TARGET = 15.0;
				LD_RUNPATH_SEARCH_PATHS = (
					"$(inherited)",
					"@executable_path/Frameworks",
				);
				MARKETING_VERSION = 1.0;
				PRODUCT_BUNDLE_IDENTIFIER = de.nicolasott.tiX;
				PRODUCT_NAME = "$(TARGET_NAME)";
				SUPPORTS_MACCATALYST = NO;
				SWIFT_EMIT_LOC_STRINGS = YES;
				SWIFT_VERSION = 5.0;
				TARGETED_DEVICE_FAMILY = "1,2";
			};
			name = Release;
		};
/* End XCBuildConfiguration section */

/* Begin XCConfigurationList section */
		36644F73272B0DB300DA328F /* Build configuration list for PBXNativeTarget "tixWidgetExtension" */ = {
			isa = XCConfigurationList;
			buildConfigurations = (
				36644F71272B0DB300DA328F /* Debug */,
				36644F72272B0DB300DA328F /* Release */,
			);
			defaultConfigurationIsVisible = 0;
			defaultConfigurationName = Release;
		};
		36C1B5AD270CC1BF00249259 /* Build configuration list for PBXProject "tiX" */ = {
			isa = XCConfigurationList;
			buildConfigurations = (
				36C1B5C3270CC1C000249259 /* Debug */,
				36C1B5C4270CC1C000249259 /* Release */,
			);
			defaultConfigurationIsVisible = 0;
			defaultConfigurationName = Release;
		};
		36C1B5C5270CC1C000249259 /* Build configuration list for PBXNativeTarget "tiX" */ = {
			isa = XCConfigurationList;
			buildConfigurations = (
				36C1B5C6270CC1C000249259 /* Debug */,
				36C1B5C7270CC1C000249259 /* Release */,
			);
			defaultConfigurationIsVisible = 0;
			defaultConfigurationName = Release;
		};
/* End XCConfigurationList section */

/* Begin XCVersionGroup section */
		36C1B5C0270CC1C000249259 /* tiX.xcdatamodeld */ = {
			isa = XCVersionGroup;
			children = (
				36C1B5C1270CC1C000249259 /* tiX.xcdatamodel */,
			);
			currentVersion = 36C1B5C1270CC1C000249259 /* tiX.xcdatamodel */;
			path = tiX.xcdatamodeld;
			sourceTree = "<group>";
			versionGroupType = wrapper.xcdatamodel;
		};
/* End XCVersionGroup section */
	};
	rootObject = 36C1B5AA270CC1BF00249259 /* Project object */;
}
